
Microsoft Visual Studio Solution File, Format Version 12.00
# Visual Studio Version 16
VisualStudioVersion = 16.0.31424.327
MinimumVisualStudioVersion = 10.0.40219.1
Project("{FAE04EC0-301F-11D3-BF4B-00C04F79EFBC}") = "WidetechPrueba.Contracts", "WidetechPrueba.Contracts\WidetechPrueba.Contracts.csproj", "{7F275485-CB1A-430C-BC8F-D458009033C4}"
EndProject
Project("{FAE04EC0-301F-11D3-BF4B-00C04F79EFBC}") = "WidetechPrueba.Core", "WidetechPrueba.Core\WidetechPrueba.Core.csproj", "{80DDB4DF-36A1-446C-8871-E72C526F2592}"
EndProject
Project("{FAE04EC0-301F-11D3-BF4B-00C04F79EFBC}") = "WidetechPrueba.Data", "WidetechPrueba.Data\WidetechPrueba.Data.csproj", "{8864D2E0-EB89-4E15-8434-B4DAF4229CA2}"
EndProject
Project("{FAE04EC0-301F-11D3-BF4B-00C04F79EFBC}") = "WidetechPrueba.Services", "WidetechPrueba.Services\WidetechPrueba.Services.csproj", "{649BC6DB-BB7D-4776-ABB4-7FDA21824F0F}"
EndProject
Project("{FAE04EC0-301F-11D3-BF4B-00C04F79EFBC}") = "WidetechPrueba.WebProj", "WidetechPrueba.WebProj\WidetechPrueba.WebProj.csproj", "{DAC5F266-F8FB-4AC9-A8D8-B0EFE8799A94}"
EndProject
Global
	GlobalSection(SolutionConfigurationPlatforms) = preSolution
		Debug|Any CPU = Debug|Any CPU
		Release|Any CPU = Release|Any CPU
	EndGlobalSection
	GlobalSection(ProjectConfigurationPlatforms) = postSolution
		{7F275485-CB1A-430C-BC8F-D458009033C4}.Debug|Any CPU.ActiveCfg = Debug|Any CPU
		{7F275485-CB1A-430C-BC8F-D458009033C4}.Debug|Any CPU.Build.0 = Debug|Any CPU
		{7F275485-CB1A-430C-BC8F-D458009033C4}.Release|Any CPU.ActiveCfg = Release|Any CPU
		{7F275485-CB1A-430C-BC8F-D458009033C4}.Release|Any CPU.Build.0 = Release|Any CPU
		{80DDB4DF-36A1-446C-8871-E72C526F2592}.Debug|Any CPU.ActiveCfg = Debug|Any CPU
		{80DDB4DF-36A1-446C-8871-E72C526F2592}.Debug|Any CPU.Build.0 = Debug|Any CPU
		{80DDB4DF-36A1-446C-8871-E72C526F2592}.Release|Any CPU.ActiveCfg = Release|Any CPU
		{80DDB4DF-36A1-446C-8871-E72C526F2592}.Release|Any CPU.Build.0 = Release|Any CPU
		{8864D2E0-EB89-4E15-8434-B4DAF4229CA2}.Debug|Any CPU.ActiveCfg = Debug|Any CPU
		{8864D2E0-EB89-4E15-8434-B4DAF4229CA2}.Debug|Any CPU.Build.0 = Debug|Any CPU
		{8864D2E0-EB89-4E15-8434-B4DAF4229CA2}.Release|Any CPU.ActiveCfg = Release|Any CPU
		{8864D2E0-EB89-4E15-8434-B4DAF4229CA2}.Release|Any CPU.Build.0 = Release|Any CPU
		{649BC6DB-BB7D-4776-ABB4-7FDA21824F0F}.Debug|Any CPU.ActiveCfg = Debug|Any CPU
		{649BC6DB-BB7D-4776-ABB4-7FDA21824F0F}.Debug|Any CPU.Build.0 = Debug|Any CPU
		{649BC6DB-BB7D-4776-ABB4-7FDA21824F0F}.Release|Any CPU.ActiveCfg = Release|Any CPU
		{649BC6DB-BB7D-4776-ABB4-7FDA21824F0F}.Release|Any CPU.Build.0 = Release|Any CPU
		{DAC5F266-F8FB-4AC9-A8D8-B0EFE8799A94}.Debug|Any CPU.ActiveCfg = Debug|Any CPU
		{DAC5F266-F8FB-4AC9-A8D8-B0EFE8799A94}.Debug|Any CPU.Build.0 = Debug|Any CPU
		{DAC5F266-F8FB-4AC9-A8D8-B0EFE8799A94}.Release|Any CPU.ActiveCfg = Release|Any CPU
		{DAC5F266-F8FB-4AC9-A8D8-B0EFE8799A94}.Release|Any CPU.Build.0 = Release|Any CPU
	EndGlobalSection
	GlobalSection(SolutionProperties) = preSolution
		HideSolutionNode = FALSE
	EndGlobalSection
	GlobalSection(ExtensibilityGlobals) = postSolution
		SolutionGuid = {26418B62-0083-4674-94FA-46F87D058546}
	EndGlobalSection
EndGlobal
